
Microsoft Visual Studio Solution File, Format Version 12.00
# Visual Studio Version 17
VisualStudioVersion = 17.6.33829.357
MinimumVisualStudioVersion = 10.0.40219.1
Project("{9A19103F-16F7-4668-BE54-9A1E7A4F7556}") = "BusinessWebsite", "BusinessWebsite\BusinessWebsite.csproj", "{1CA07DB8-7B0C-47E4-8A9E-CD994F6E7D37}"
EndProject
Project("{2150E333-8FDC-42A3-9474-1A3956D46DE8}") = "Shared", "Shared", "{55ED16E9-7403-4861-8D3F-6411F96071E2}"
	ProjectSection(SolutionItems) = preProject
		..\InquiryApp\InquiryApp\appsettings.json = ..\InquiryApp\InquiryApp\appsettings.json
	EndProjectSection
EndProject
Project("{2150E333-8FDC-42A3-9474-1A3956D46DE8}") = "Models", "Models", "{95C51002-4C4E-4AC6-9505-5DB775056D72}"
	ProjectSection(SolutionItems) = preProject
		Shared\Inquiry.cs = Shared\Inquiry.cs
	EndProjectSection
EndProject
Project("{9A19103F-16F7-4668-BE54-9A1E7A4F7556}") = "InquiryApp", "InquiryApp\InquiryApp.csproj", "{76526AB3-9EFF-47FF-AAD6-970BFAB93609}"
EndProject
Global
	GlobalSection(SolutionConfigurationPlatforms) = preSolution
		Debug|Any CPU = Debug|Any CPU
		Release|Any CPU = Release|Any CPU
	EndGlobalSection
	GlobalSection(ProjectConfigurationPlatforms) = postSolution
		{1CA07DB8-7B0C-47E4-8A9E-CD994F6E7D37}.Debug|Any CPU.ActiveCfg = Debug|Any CPU
		{1CA07DB8-7B0C-47E4-8A9E-CD994F6E7D37}.Debug|Any CPU.Build.0 = Debug|Any CPU
		{1CA07DB8-7B0C-47E4-8A9E-CD994F6E7D37}.Release|Any CPU.ActiveCfg = Release|Any CPU
		{1CA07DB8-7B0C-47E4-8A9E-CD994F6E7D37}.Release|Any CPU.Build.0 = Release|Any CPU
		{76526AB3-9EFF-47FF-AAD6-970BFAB93609}.Debug|Any CPU.ActiveCfg = Debug|Any CPU
		{76526AB3-9EFF-47FF-AAD6-970BFAB93609}.Debug|Any CPU.Build.0 = Debug|Any CPU
		{76526AB3-9EFF-47FF-AAD6-970BFAB93609}.Release|Any CPU.ActiveCfg = Release|Any CPU
		{76526AB3-9EFF-47FF-AAD6-970BFAB93609}.Release|Any CPU.Build.0 = Release|Any CPU
	EndGlobalSection
	GlobalSection(SolutionProperties) = preSolution
		HideSolutionNode = FALSE
	EndGlobalSection
	GlobalSection(NestedProjects) = preSolution
		{95C51002-4C4E-4AC6-9505-5DB775056D72} = {55ED16E9-7403-4861-8D3F-6411F96071E2}
	EndGlobalSection
	GlobalSection(ExtensibilityGlobals) = postSolution
		SolutionGuid = {9103F308-BA8C-44C5-BA3C-EEF22978EF99}
	EndGlobalSection
EndGlobal
